// !$*UTF8*$!
{
	archiveVersion = 1;
	classes = {
	};
	objectVersion = 52;
	objects = {

/* Begin PBXBuildFile section */
		AA5463AF247C4D2D0008576E /* syringePumpSS.swift in Sources */ = {isa = PBXBuildFile; fileRef = AA5463AE247C4D2D0008576E /* syringePumpSS.swift */; };
		AAC55276247737630004A265 /* ORSSerial in Frameworks */ = {isa = PBXBuildFile; productRef = AAC55275247737630004A265 /* ORSSerial */; };
		AAC5527824773BBA0004A265 /* syringePump.swift in Sources */ = {isa = PBXBuildFile; fileRef = AAC5527724773BBA0004A265 /* syringePump.swift */; };
		AACD75C42476E26600EF7507 /* AppDelegate.swift in Sources */ = {isa = PBXBuildFile; fileRef = AACD75C32476E26600EF7507 /* AppDelegate.swift */; };
		AACD75C62476E26600EF7507 /* ViewController.swift in Sources */ = {isa = PBXBuildFile; fileRef = AACD75C52476E26600EF7507 /* ViewController.swift */; };
		AACD75C82476E26700EF7507 /* Assets.xcassets in Resources */ = {isa = PBXBuildFile; fileRef = AACD75C72476E26700EF7507 /* Assets.xcassets */; };
		AACD75CB2476E26700EF7507 /* Main.storyboard in Resources */ = {isa = PBXBuildFile; fileRef = AACD75C92476E26700EF7507 /* Main.storyboard */; };
		AACD75D52476E84100EF7507 /* SwiftSerial in Frameworks */ = {isa = PBXBuildFile; productRef = AACD75D42476E84100EF7507 /* SwiftSerial */; };
/* End PBXBuildFile section */

/* Begin PBXFileReference section */
		AA5463AE247C4D2D0008576E /* syringePumpSS.swift */ = {isa = PBXFileReference; lastKnownFileType = sourcecode.swift; path = syringePumpSS.swift; sourceTree = "<group>"; };
		AAC5527724773BBA0004A265 /* syringePump.swift */ = {isa = PBXFileReference; lastKnownFileType = sourcecode.swift; path = syringePump.swift; sourceTree = "<group>"; };
		AACD75C02476E26600EF7507 /* SyringePumpKit.app */ = {isa = PBXFileReference; explicitFileType = wrapper.application; includeInIndex = 0; path = SyringePumpKit.app; sourceTree = BUILT_PRODUCTS_DIR; };
		AACD75C32476E26600EF7507 /* AppDelegate.swift */ = {isa = PBXFileReference; lastKnownFileType = sourcecode.swift; path = AppDelegate.swift; sourceTree = "<group>"; };
		AACD75C52476E26600EF7507 /* ViewController.swift */ = {isa = PBXFileReference; lastKnownFileType = sourcecode.swift; path = ViewController.swift; sourceTree = "<group>"; };
		AACD75C72476E26700EF7507 /* Assets.xcassets */ = {isa = PBXFileReference; lastKnownFileType = folder.assetcatalog; path = Assets.xcassets; sourceTree = "<group>"; };
		AACD75CA2476E26700EF7507 /* Base */ = {isa = PBXFileReference; lastKnownFileType = file.storyboard; name = Base; path = Base.lproj/Main.storyboard; sourceTree = "<group>"; };
		AACD75CC2476E26700EF7507 /* Info.plist */ = {isa = PBXFileReference; lastKnownFileType = text.plist.xml; path = Info.plist; sourceTree = "<group>"; };
		AACD75CD2476E26700EF7507 /* SyringePumpKit.entitlements */ = {isa = PBXFileReference; lastKnownFileType = text.plist.entitlements; path = SyringePumpKit.entitlements; sourceTree = "<group>"; };
/* End PBXFileReference section */

/* Begin PBXFrameworksBuildPhase section */
		AACD75BD2476E26600EF7507 /* Frameworks */ = {
			isa = PBXFrameworksBuildPhase;
			buildActionMask = 2147483647;
			files = (
				AACD75D52476E84100EF7507 /* SwiftSerial in Frameworks */,
				AAC55276247737630004A265 /* ORSSerial in Frameworks */,
			);
			runOnlyForDeploymentPostprocessing = 0;
		};
/* End PBXFrameworksBuildPhase section */

/* Begin PBXGroup section */
		AACD75B72476E26600EF7507 = {
			isa = PBXGroup;
			children = (
				AACD75C22476E26600EF7507 /* SyringePumpKit */,
				AACD75C12476E26600EF7507 /* Products */,
			);
			sourceTree = "<group>";
		};
		AACD75C12476E26600EF7507 /* Products */ = {
			isa = PBXGroup;
			children = (
				AACD75C02476E26600EF7507 /* SyringePumpKit.app */,
			);
			name = Products;
			sourceTree = "<group>";
		};
		AACD75C22476E26600EF7507 /* SyringePumpKit */ = {
			isa = PBXGroup;
			children = (
				AACD75C32476E26600EF7507 /* AppDelegate.swift */,
				AAC5527724773BBA0004A265 /* syringePump.swift */,
				AA5463AE247C4D2D0008576E /* syringePumpSS.swift */,
				AACD75C52476E26600EF7507 /* ViewController.swift */,
				AACD75C72476E26700EF7507 /* Assets.xcassets */,
				AACD75C92476E26700EF7507 /* Main.storyboard */,
				AACD75CC2476E26700EF7507 /* Info.plist */,
				AACD75CD2476E26700EF7507 /* SyringePumpKit.entitlements */,
			);
			path = SyringePumpKit;
			sourceTree = "<group>";
		};
/* End PBXGroup section */

/* Begin PBXNativeTarget section */
		AACD75BF2476E26600EF7507 /* SyringePumpKit */ = {
			isa = PBXNativeTarget;
			buildConfigurationList = AACD75D02476E26700EF7507 /* Build configuration list for PBXNativeTarget "SyringePumpKit" */;
			buildPhases = (
				AACD75BC2476E26600EF7507 /* Sources */,
				AACD75BD2476E26600EF7507 /* Frameworks */,
				AACD75BE2476E26600EF7507 /* Resources */,
			);
			buildRules = (
			);
			dependencies = (
			);
			name = SyringePumpKit;
			packageProductDependencies = (
				AACD75D42476E84100EF7507 /* SwiftSerial */,
				AAC55275247737630004A265 /* ORSSerial */,
			);
			productName = SyringePumpKit;
			productReference = AACD75C02476E26600EF7507 /* SyringePumpKit.app */;
			productType = "com.apple.product-type.application";
		};
/* End PBXNativeTarget section */

/* Begin PBXProject section */
		AACD75B82476E26600EF7507 /* Project object */ = {
			isa = PBXProject;
			attributes = {
				LastSwiftUpdateCheck = 1140;
				LastUpgradeCheck = 1140;
				ORGANIZATIONNAME = "Steven DiGregorio";
				TargetAttributes = {
					AACD75BF2476E26600EF7507 = {
						CreatedOnToolsVersion = 11.4.1;
					};
				};
			};
			buildConfigurationList = AACD75BB2476E26600EF7507 /* Build configuration list for PBXProject "SyringePumpKit" */;
			compatibilityVersion = "Xcode 9.3";
			developmentRegion = en;
			hasScannedForEncodings = 0;
			knownRegions = (
				en,
				Base,
			);
			mainGroup = AACD75B72476E26600EF7507;
			packageReferences = (
				AACD75D32476E84100EF7507 /* XCRemoteSwiftPackageReference "SwiftSerial" */,
				AAC55274247737630004A265 /* XCRemoteSwiftPackageReference "ORSSerialPort" */,
			);
			productRefGroup = AACD75C12476E26600EF7507 /* Products */;
			projectDirPath = "";
			projectRoot = "";
			targets = (
				AACD75BF2476E26600EF7507 /* SyringePumpKit */,
			);
		};
/* End PBXProject section */

/* Begin PBXResourcesBuildPhase section */
		AACD75BE2476E26600EF7507 /* Resources */ = {
			isa = PBXResourcesBuildPhase;
			buildActionMask = 2147483647;
			files = (
				AACD75C82476E26700EF7507 /* Assets.xcassets in Resources */,
				AACD75CB2476E26700EF7507 /* Main.storyboard in Resources */,
			);
			runOnlyForDeploymentPostprocessing = 0;
		};
/* End PBXResourcesBuildPhase section */

/* Begin PBXSourcesBuildPhase section */
		AACD75BC2476E26600EF7507 /* Sources */ = {
			isa = PBXSourcesBuildPhase;
			buildActionMask = 2147483647;
			files = (
				AAC5527824773BBA0004A265 /* syringePump.swift in Sources */,
				AACD75C62476E26600EF7507 /* ViewController.swift in Sources */,
				AACD75C42476E26600EF7507 /* AppDelegate.swift in Sources */,
				AA5463AF247C4D2D0008576E /* syringePumpSS.swift in Sources */,
			);
			runOnlyForDeploymentPostprocessing = 0;
		};
/* End PBXSourcesBuildPhase section */

/* Begin PBXVariantGroup section */
		AACD75C92476E26700EF7507 /* Main.storyboard */ = {
			isa = PBXVariantGroup;
			children = (
				AACD75CA2476E26700EF7507 /* Base */,
			);
			name = Main.storyboard;
			sourceTree = "<group>";
		};
/* End PBXVariantGroup section */

/* Begin XCBuildConfiguration section */
		AACD75CE2476E26700EF7507 /* Debug */ = {
			isa = XCBuildConfiguration;
			buildSettings = {
				ALWAYS_SEARCH_USER_PATHS = NO;
				CLANG_ANALYZER_NONNULL = YES;
				CLANG_ANALYZER_NUMBER_OBJECT_CONVERSION = YES_AGGRESSIVE;
				CLANG_CXX_LANGUAGE_STANDARD = "gnu++14";
				CLANG_CXX_LIBRARY = "libc++";
				CLANG_ENABLE_MODULES = YES;
				CLANG_ENABLE_OBJC_ARC = YES;
				CLANG_ENABLE_OBJC_WEAK = YES;
				CLANG_WARN_BLOCK_CAPTURE_AUTORELEASING = YES;
				CLANG_WARN_BOOL_CONVERSION = YES;
				CLANG_WARN_COMMA = YES;
				CLANG_WARN_CONSTANT_CONVERSION = YES;
				CLANG_WARN_DEPRECATED_OBJC_IMPLEMENTATIONS = YES;
				CLANG_WARN_DIRECT_OBJC_ISA_USAGE = YES_ERROR;
				CLANG_WARN_DOCUMENTATION_COMMENTS = YES;
				CLANG_WARN_EMPTY_BODY = YES;
				CLANG_WARN_ENUM_CONVERSION = YES;
				CLANG_WARN_INFINITE_RECURSION = YES;
				CLANG_WARN_INT_CONVERSION = YES;
				CLANG_WARN_NON_LITERAL_NULL_CONVERSION = YES;
				CLANG_WARN_OBJC_IMPLICIT_RETAIN_SELF = YES;
				CLANG_WARN_OBJC_LITERAL_CONVERSION = YES;
				CLANG_WARN_OBJC_ROOT_CLASS = YES_ERROR;
				CLANG_WARN_RANGE_LOOP_ANALYSIS = YES;
				CLANG_WARN_STRICT_PROTOTYPES = YES;
				CLANG_WARN_SUSPICIOUS_MOVE = YES;
				CLANG_WARN_UNGUARDED_AVAILABILITY = YES_AGGRESSIVE;
				CLANG_WARN_UNREACHABLE_CODE = YES;
				CLANG_WARN__DUPLICATE_METHOD_MATCH = YES;
				COPY_PHASE_STRIP = NO;
				DEBUG_INFORMATION_FORMAT = dwarf;
				ENABLE_STRICT_OBJC_MSGSEND = YES;
				ENABLE_TESTABILITY = YES;
				GCC_C_LANGUAGE_STANDARD = gnu11;
				GCC_DYNAMIC_NO_PIC = NO;
				GCC_NO_COMMON_BLOCKS = YES;
				GCC_OPTIMIZATION_LEVEL = 0;
				GCC_PREPROCESSOR_DEFINITIONS = (
					"DEBUG=1",
					"$(inherited)",
				);
				GCC_WARN_64_TO_32_BIT_CONVERSION = YES;
				GCC_WARN_ABOUT_RETURN_TYPE = YES_ERROR;
				GCC_WARN_UNDECLARED_SELECTOR = YES;
				GCC_WARN_UNINITIALIZED_AUTOS = YES_AGGRESSIVE;
				GCC_WARN_UNUSED_FUNCTION = YES;
				GCC_WARN_UNUSED_VARIABLE = YES;
				MACOSX_DEPLOYMENT_TARGET = 10.15;
				MTL_ENABLE_DEBUG_INFO = INCLUDE_SOURCE;
				MTL_FAST_MATH = YES;
				ONLY_ACTIVE_ARCH = YES;
				SDKROOT = macosx;
				SWIFT_ACTIVE_COMPILATION_CONDITIONS = DEBUG;
				SWIFT_OPTIMIZATION_LEVEL = "-Onone";
			};
			name = Debug;
		};
		AACD75CF2476E26700EF7507 /* Release */ = {
			isa = XCBuildConfiguration;
			buildSettings = {
				ALWAYS_SEARCH_USER_PATHS = NO;
				CLANG_ANALYZER_NONNULL = YES;
				CLANG_ANALYZER_NUMBER_OBJECT_CONVERSION = YES_AGGRESSIVE;
				CLANG_CXX_LANGUAGE_STANDARD = "gnu++14";
				CLANG_CXX_LIBRARY = "libc++";
				CLANG_ENABLE_MODULES = YES;
				CLANG_ENABLE_OBJC_ARC = YES;
				CLANG_ENABLE_OBJC_WEAK = YES;
				CLANG_WARN_BLOCK_CAPTURE_AUTORELEASING = YES;
				CLANG_WARN_BOOL_CONVERSION = YES;
				CLANG_WARN_COMMA = YES;
				CLANG_WARN_CONSTANT_CONVERSION = YES;
				CLANG_WARN_DEPRECATED_OBJC_IMPLEMENTATIONS = YES;
				CLANG_WARN_DIRECT_OBJC_ISA_USAGE = YES_ERROR;
				CLANG_WARN_DOCUMENTATION_COMMENTS = YES;
				CLANG_WARN_EMPTY_BODY = YES;
				CLANG_WARN_ENUM_CONVERSION = YES;
				CLANG_WARN_INFINITE_RECURSION = YES;
				CLANG_WARN_INT_CONVERSION = YES;
				CLANG_WARN_NON_LITERAL_NULL_CONVERSION = YES;
				CLANG_WARN_OBJC_IMPLICIT_RETAIN_SELF = YES;
				CLANG_WARN_OBJC_LITERAL_CONVERSION = YES;
				CLANG_WARN_OBJC_ROOT_CLASS = YES_ERROR;
				CLANG_WARN_RANGE_LOOP_ANALYSIS = YES;
				CLANG_WARN_STRICT_PROTOTYPES = YES;
				CLANG_WARN_SUSPICIOUS_MOVE = YES;
				CLANG_WARN_UNGUARDED_AVAILABILITY = YES_AGGRESSIVE;
				CLANG_WARN_UNREACHABLE_CODE = YES;
				CLANG_WARN__DUPLICATE_METHOD_MATCH = YES;
				COPY_PHASE_STRIP = NO;
				DEBUG_INFORMATION_FORMAT = "dwarf-with-dsym";
				ENABLE_NS_ASSERTIONS = NO;
				ENABLE_STRICT_OBJC_MSGSEND = YES;
				GCC_C_LANGUAGE_STANDARD = gnu11;
				GCC_NO_COMMON_BLOCKS = YES;
				GCC_WARN_64_TO_32_BIT_CONVERSION = YES;
				GCC_WARN_ABOUT_RETURN_TYPE = YES_ERROR;
				GCC_WARN_UNDECLARED_SELECTOR = YES;
				GCC_WARN_UNINITIALIZED_AUTOS = YES_AGGRESSIVE;
				GCC_WARN_UNUSED_FUNCTION = YES;
				GCC_WARN_UNUSED_VARIABLE = YES;
				MACOSX_DEPLOYMENT_TARGET = 10.15;
				MTL_ENABLE_DEBUG_INFO = NO;
				MTL_FAST_MATH = YES;
				SDKROOT = macosx;
				SWIFT_COMPILATION_MODE = wholemodule;
				SWIFT_OPTIMIZATION_LEVEL = "-O";
			};
			name = Release;
		};
		AACD75D12476E26700EF7507 /* Debug */ = {
			isa = XCBuildConfiguration;
			buildSettings = {
				ASSETCATALOG_COMPILER_APPICON_NAME = AppIcon;
				CODE_SIGN_ENTITLEMENTS = SyringePumpKit/SyringePumpKit.entitlements;
				CODE_SIGN_STYLE = Automatic;
				COMBINE_HIDPI_IMAGES = YES;
				DEVELOPMENT_TEAM = W3N74BX3L7;
				ENABLE_HARDENED_RUNTIME = YES;
				INFOPLIST_FILE = SyringePumpKit/Info.plist;
				LD_RUNPATH_SEARCH_PATHS = (
					"$(inherited)",
					"@executable_path/../Frameworks",
				);
				PRODUCT_BUNDLE_IDENTIFIER = com.StevenDiGregorio.SyringePumpKit;
				PRODUCT_NAME = "$(TARGET_NAME)";
				SWIFT_VERSION = 5.0;
			};
			name = Debug;
		};
		AACD75D22476E26700EF7507 /* Release */ = {
			isa = XCBuildConfiguration;
			buildSettings = {
				ASSETCATALOG_COMPILER_APPICON_NAME = AppIcon;
				CODE_SIGN_ENTITLEMENTS = SyringePumpKit/SyringePumpKit.entitlements;
				CODE_SIGN_STYLE = Automatic;
				COMBINE_HIDPI_IMAGES = YES;
				DEVELOPMENT_TEAM = W3N74BX3L7;
				ENABLE_HARDENED_RUNTIME = YES;
				INFOPLIST_FILE = SyringePumpKit/Info.plist;
				LD_RUNPATH_SEARCH_PATHS = (
					"$(inherited)",
					"@executable_path/../Frameworks",
				);
				PRODUCT_BUNDLE_IDENTIFIER = com.StevenDiGregorio.SyringePumpKit;
				PRODUCT_NAME = "$(TARGET_NAME)";
				SWIFT_VERSION = 5.0;
			};
			name = Release;
		};
/* End XCBuildConfiguration section */

/* Begin XCConfigurationList section */
		AACD75BB2476E26600EF7507 /* Build configuration list for PBXProject "SyringePumpKit" */ = {
			isa = XCConfigurationList;
			buildConfigurations = (
				AACD75CE2476E26700EF7507 /* Debug */,
				AACD75CF2476E26700EF7507 /* Release */,
			);
			defaultConfigurationIsVisible = 0;
			defaultConfigurationName = Release;
		};
		AACD75D02476E26700EF7507 /* Build configuration list for PBXNativeTarget "SyringePumpKit" */ = {
			isa = XCConfigurationList;
			buildConfigurations = (
				AACD75D12476E26700EF7507 /* Debug */,
				AACD75D22476E26700EF7507 /* Release */,
			);
			defaultConfigurationIsVisible = 0;
			defaultConfigurationName = Release;
		};
/* End XCConfigurationList section */

/* Begin XCRemoteSwiftPackageReference section */
		AAC55274247737630004A265 /* XCRemoteSwiftPackageReference "ORSSerialPort" */ = {
			isa = XCRemoteSwiftPackageReference;
			repositoryURL = "https://github.com/armadsen/ORSSerialPort";
			requirement = {
				kind = upToNextMajorVersion;
				minimumVersion = 2.1.0;
			};
		};
		AACD75D32476E84100EF7507 /* XCRemoteSwiftPackageReference "SwiftSerial" */ = {
			isa = XCRemoteSwiftPackageReference;
			repositoryURL = "https://github.com/yeokm1/SwiftSerial";
			requirement = {
				kind = upToNextMajorVersion;
				minimumVersion = 0.1.2;
			};
		};
/* End XCRemoteSwiftPackageReference section */

/* Begin XCSwiftPackageProductDependency section */
		AAC55275247737630004A265 /* ORSSerial */ = {
			isa = XCSwiftPackageProductDependency;
			package = AAC55274247737630004A265 /* XCRemoteSwiftPackageReference "ORSSerialPort" */;
			productName = ORSSerial;
		};
		AACD75D42476E84100EF7507 /* SwiftSerial */ = {
			isa = XCSwiftPackageProductDependency;
			package = AACD75D32476E84100EF7507 /* XCRemoteSwiftPackageReference "SwiftSerial" */;
			productName = SwiftSerial;
		};
/* End XCSwiftPackageProductDependency section */
	};
	rootObject = AACD75B82476E26600EF7507 /* Project object */;
}
